
Microsoft Visual Studio Solution File, Format Version 12.00
# Visual Studio 15
VisualStudioVersion = 15.0.26124.0
MinimumVisualStudioVersion = 15.0.26124.0
Project("{FAE04EC0-301F-11D3-BF4B-00C04F79EFBC}") = "AzureSearch", "AzureSearch\AzureSearch.csproj", "{9A04D80E-D2B5-4AEB-AAF3-7D9F8C8963F4}"
EndProject
Project("{FAE04EC0-301F-11D3-BF4B-00C04F79EFBC}") = "WebApp", "WebApp\WebApp.csproj", "{A84774E8-8105-44FE-813B-064A0FB49021}"
EndProject
Project("{FAE04EC0-301F-11D3-BF4B-00C04F79EFBC}") = "CustomSkill", "CustomSkill\CustomSkill.csproj", "{5A1C99F5-65D6-40A3-91C2-435DCA107EB1}"
EndProject
Project("{FAE04EC0-301F-11D3-BF4B-00C04F79EFBC}") = "ConsoleApp", "ConsoleApp\ConsoleApp.csproj", "{4894E6E9-5F75-4AD3-8D76-115D18C0E677}"
EndProject
Global
	GlobalSection(SolutionConfigurationPlatforms) = preSolution
		Debug|Any CPU = Debug|Any CPU
		Debug|x64 = Debug|x64
		Debug|x86 = Debug|x86
		Release|Any CPU = Release|Any CPU
		Release|x64 = Release|x64
		Release|x86 = Release|x86
	EndGlobalSection
	GlobalSection(SolutionProperties) = preSolution
		HideSolutionNode = FALSE
	EndGlobalSection
	GlobalSection(ProjectConfigurationPlatforms) = postSolution
		{9A04D80E-D2B5-4AEB-AAF3-7D9F8C8963F4}.Debug|Any CPU.ActiveCfg = Debug|Any CPU
		{9A04D80E-D2B5-4AEB-AAF3-7D9F8C8963F4}.Debug|Any CPU.Build.0 = Debug|Any CPU
		{9A04D80E-D2B5-4AEB-AAF3-7D9F8C8963F4}.Debug|x64.ActiveCfg = Debug|Any CPU
		{9A04D80E-D2B5-4AEB-AAF3-7D9F8C8963F4}.Debug|x64.Build.0 = Debug|Any CPU
		{9A04D80E-D2B5-4AEB-AAF3-7D9F8C8963F4}.Debug|x86.ActiveCfg = Debug|Any CPU
		{9A04D80E-D2B5-4AEB-AAF3-7D9F8C8963F4}.Debug|x86.Build.0 = Debug|Any CPU
		{9A04D80E-D2B5-4AEB-AAF3-7D9F8C8963F4}.Release|Any CPU.ActiveCfg = Release|Any CPU
		{9A04D80E-D2B5-4AEB-AAF3-7D9F8C8963F4}.Release|Any CPU.Build.0 = Release|Any CPU
		{9A04D80E-D2B5-4AEB-AAF3-7D9F8C8963F4}.Release|x64.ActiveCfg = Release|Any CPU
		{9A04D80E-D2B5-4AEB-AAF3-7D9F8C8963F4}.Release|x64.Build.0 = Release|Any CPU
		{9A04D80E-D2B5-4AEB-AAF3-7D9F8C8963F4}.Release|x86.ActiveCfg = Release|Any CPU
		{9A04D80E-D2B5-4AEB-AAF3-7D9F8C8963F4}.Release|x86.Build.0 = Release|Any CPU
		{A84774E8-8105-44FE-813B-064A0FB49021}.Debug|Any CPU.ActiveCfg = Debug|Any CPU
		{A84774E8-8105-44FE-813B-064A0FB49021}.Debug|Any CPU.Build.0 = Debug|Any CPU
		{A84774E8-8105-44FE-813B-064A0FB49021}.Debug|x64.ActiveCfg = Debug|Any CPU
		{A84774E8-8105-44FE-813B-064A0FB49021}.Debug|x64.Build.0 = Debug|Any CPU
		{A84774E8-8105-44FE-813B-064A0FB49021}.Debug|x86.ActiveCfg = Debug|Any CPU
		{A84774E8-8105-44FE-813B-064A0FB49021}.Debug|x86.Build.0 = Debug|Any CPU
		{A84774E8-8105-44FE-813B-064A0FB49021}.Release|Any CPU.ActiveCfg = Release|Any CPU
		{A84774E8-8105-44FE-813B-064A0FB49021}.Release|Any CPU.Build.0 = Release|Any CPU
		{A84774E8-8105-44FE-813B-064A0FB49021}.Release|x64.ActiveCfg = Release|Any CPU
		{A84774E8-8105-44FE-813B-064A0FB49021}.Release|x64.Build.0 = Release|Any CPU
		{A84774E8-8105-44FE-813B-064A0FB49021}.Release|x86.ActiveCfg = Release|Any CPU
		{A84774E8-8105-44FE-813B-064A0FB49021}.Release|x86.Build.0 = Release|Any CPU
		{5A1C99F5-65D6-40A3-91C2-435DCA107EB1}.Debug|Any CPU.ActiveCfg = Debug|Any CPU
		{5A1C99F5-65D6-40A3-91C2-435DCA107EB1}.Debug|Any CPU.Build.0 = Debug|Any CPU
		{5A1C99F5-65D6-40A3-91C2-435DCA107EB1}.Debug|x64.ActiveCfg = Debug|Any CPU
		{5A1C99F5-65D6-40A3-91C2-435DCA107EB1}.Debug|x64.Build.0 = Debug|Any CPU
		{5A1C99F5-65D6-40A3-91C2-435DCA107EB1}.Debug|x86.ActiveCfg = Debug|Any CPU
		{5A1C99F5-65D6-40A3-91C2-435DCA107EB1}.Debug|x86.Build.0 = Debug|Any CPU
		{5A1C99F5-65D6-40A3-91C2-435DCA107EB1}.Release|Any CPU.ActiveCfg = Release|Any CPU
		{5A1C99F5-65D6-40A3-91C2-435DCA107EB1}.Release|Any CPU.Build.0 = Release|Any CPU
		{5A1C99F5-65D6-40A3-91C2-435DCA107EB1}.Release|x64.ActiveCfg = Release|Any CPU
		{5A1C99F5-65D6-40A3-91C2-435DCA107EB1}.Release|x64.Build.0 = Release|Any CPU
		{5A1C99F5-65D6-40A3-91C2-435DCA107EB1}.Release|x86.ActiveCfg = Release|Any CPU
		{5A1C99F5-65D6-40A3-91C2-435DCA107EB1}.Release|x86.Build.0 = Release|Any CPU
		{4894E6E9-5F75-4AD3-8D76-115D18C0E677}.Debug|Any CPU.ActiveCfg = Debug|Any CPU
		{4894E6E9-5F75-4AD3-8D76-115D18C0E677}.Debug|Any CPU.Build.0 = Debug|Any CPU
		{4894E6E9-5F75-4AD3-8D76-115D18C0E677}.Debug|x64.ActiveCfg = Debug|Any CPU
		{4894E6E9-5F75-4AD3-8D76-115D18C0E677}.Debug|x64.Build.0 = Debug|Any CPU
		{4894E6E9-5F75-4AD3-8D76-115D18C0E677}.Debug|x86.ActiveCfg = Debug|Any CPU
		{4894E6E9-5F75-4AD3-8D76-115D18C0E677}.Debug|x86.Build.0 = Debug|Any CPU
		{4894E6E9-5F75-4AD3-8D76-115D18C0E677}.Release|Any CPU.ActiveCfg = Release|Any CPU
		{4894E6E9-5F75-4AD3-8D76-115D18C0E677}.Release|Any CPU.Build.0 = Release|Any CPU
		{4894E6E9-5F75-4AD3-8D76-115D18C0E677}.Release|x64.ActiveCfg = Release|Any CPU
		{4894E6E9-5F75-4AD3-8D76-115D18C0E677}.Release|x64.Build.0 = Release|Any CPU
		{4894E6E9-5F75-4AD3-8D76-115D18C0E677}.Release|x86.ActiveCfg = Release|Any CPU
		{4894E6E9-5F75-4AD3-8D76-115D18C0E677}.Release|x86.Build.0 = Release|Any CPU
	EndGlobalSection
EndGlobal
